// !$*UTF8*$!
{
	archiveVersion = 1;
	classes = {
	};
	objectVersion = 50;
	objects = {

/* Begin PBXBuildFile section */
		B845D9B721EAFCE700D2C3A5 /* AppDelegate.swift in Sources */ = {isa = PBXBuildFile; fileRef = B845D9B621EAFCE700D2C3A5 /* AppDelegate.swift */; };
		B845D9BE21EAFCEA00D2C3A5 /* Assets.xcassets in Resources */ = {isa = PBXBuildFile; fileRef = B845D9BD21EAFCEA00D2C3A5 /* Assets.xcassets */; };
		B845D9C121EAFCEA00D2C3A5 /* LaunchScreen.storyboard in Resources */ = {isa = PBXBuildFile; fileRef = B845D9BF21EAFCEA00D2C3A5 /* LaunchScreen.storyboard */; };
		B845D9CC21EAFCEA00D2C3A5 /* ProductHuntTests.swift in Sources */ = {isa = PBXBuildFile; fileRef = B845D9CB21EAFCEA00D2C3A5 /* ProductHuntTests.swift */; };
		B89407AC21FBE9F20034ED81 /* UIView+Extension.swift in Sources */ = {isa = PBXBuildFile; fileRef = B89407AB21FBE9F20034ED81 /* UIView+Extension.swift */; };
		B8CF77D421FBE08200FE5445 /* ProductServices.swift in Sources */ = {isa = PBXBuildFile; fileRef = B8CF77D321FBE08200FE5445 /* ProductServices.swift */; };
		B8CF77D621FBE51300FE5445 /*  FeedViewController.swift in Sources */ = {isa = PBXBuildFile; fileRef = B8CF77D521FBE51300FE5445 /*  FeedViewController.swift */; };
/* End PBXBuildFile section */

/* Begin PBXContainerItemProxy section */
		B845D9C821EAFCEA00D2C3A5 /* PBXContainerItemProxy */ = {
			isa = PBXContainerItemProxy;
			containerPortal = B845D9AB21EAFCE700D2C3A5 /* Project object */;
			proxyType = 1;
			remoteGlobalIDString = B845D9B221EAFCE700D2C3A5;
			remoteInfo = ProductHunt;
		};
/* End PBXContainerItemProxy section */

/* Begin PBXFileReference section */
		B845D9B321EAFCE700D2C3A5 /* ProductHunt.app */ = {isa = PBXFileReference; explicitFileType = wrapper.application; includeInIndex = 0; path = ProductHunt.app; sourceTree = BUILT_PRODUCTS_DIR; };
		B845D9B621EAFCE700D2C3A5 /* AppDelegate.swift */ = {isa = PBXFileReference; lastKnownFileType = sourcecode.swift; path = AppDelegate.swift; sourceTree = "<group>"; };
		B845D9BD21EAFCEA00D2C3A5 /* Assets.xcassets */ = {isa = PBXFileReference; lastKnownFileType = folder.assetcatalog; path = Assets.xcassets; sourceTree = "<group>"; };
		B845D9C021EAFCEA00D2C3A5 /* Base */ = {isa = PBXFileReference; lastKnownFileType = file.storyboard; name = Base; path = Base.lproj/LaunchScreen.storyboard; sourceTree = "<group>"; };
		B845D9C221EAFCEA00D2C3A5 /* Info.plist */ = {isa = PBXFileReference; lastKnownFileType = text.plist.xml; path = Info.plist; sourceTree = "<group>"; };
		B845D9C721EAFCEA00D2C3A5 /* ProductHuntTests.xctest */ = {isa = PBXFileReference; explicitFileType = wrapper.cfbundle; includeInIndex = 0; path = ProductHuntTests.xctest; sourceTree = BUILT_PRODUCTS_DIR; };
		B845D9CB21EAFCEA00D2C3A5 /* ProductHuntTests.swift */ = {isa = PBXFileReference; lastKnownFileType = sourcecode.swift; path = ProductHuntTests.swift; sourceTree = "<group>"; };
		B845D9CD21EAFCEA00D2C3A5 /* Info.plist */ = {isa = PBXFileReference; lastKnownFileType = text.plist.xml; path = Info.plist; sourceTree = "<group>"; };
		B89407AB21FBE9F20034ED81 /* UIView+Extension.swift */ = {isa = PBXFileReference; lastKnownFileType = sourcecode.swift; path = "UIView+Extension.swift"; sourceTree = "<group>"; };
		B8CF77D321FBE08200FE5445 /* ProductServices.swift */ = {isa = PBXFileReference; lastKnownFileType = sourcecode.swift; path = ProductServices.swift; sourceTree = "<group>"; };
		B8CF77D521FBE51300FE5445 /*  FeedViewController.swift */ = {isa = PBXFileReference; lastKnownFileType = sourcecode.swift; path = " FeedViewController.swift"; sourceTree = "<group>"; };
/* End PBXFileReference section */

/* Begin PBXFrameworksBuildPhase section */
		B845D9B021EAFCE700D2C3A5 /* Frameworks */ = {
			isa = PBXFrameworksBuildPhase;
			buildActionMask = 2147483647;
			files = (
			);
			runOnlyForDeploymentPostprocessing = 0;
		};
		B845D9C421EAFCEA00D2C3A5 /* Frameworks */ = {
			isa = PBXFrameworksBuildPhase;
			buildActionMask = 2147483647;
			files = (
			);
			runOnlyForDeploymentPostprocessing = 0;
		};
/* End PBXFrameworksBuildPhase section */

/* Begin PBXGroup section */
		B845D9AA21EAFCE700D2C3A5 = {
			isa = PBXGroup;
			children = (
				B845D9B521EAFCE700D2C3A5 /* ProductHunt */,
				B845D9CA21EAFCEA00D2C3A5 /* ProductHuntTests */,
				B845D9B421EAFCE700D2C3A5 /* Products */,
			);
			sourceTree = "<group>";
		};
		B845D9B421EAFCE700D2C3A5 /* Products */ = {
			isa = PBXGroup;
			children = (
				B845D9B321EAFCE700D2C3A5 /* ProductHunt.app */,
				B845D9C721EAFCEA00D2C3A5 /* ProductHuntTests.xctest */,
			);
			name = Products;
			sourceTree = "<group>";
		};
		B845D9B521EAFCE700D2C3A5 /* ProductHunt */ = {
			isa = PBXGroup;
			children = (
				B8CF77D821FBE8C400FE5445 /* Helpers */,
				B8CF77D721FBE8BD00FE5445 /* Extensions */,
				B8CF77D221FBDFFC00FE5445 /* Services */,
				B8CF77D121FBDFF400FE5445 /* Controllers */,
				B8CF77D021FBDFED00FE5445 /* Views */,
				B8CF77CF21FBDFE300FE5445 /* Models */,
				B845D9B621EAFCE700D2C3A5 /* AppDelegate.swift */,
				B845D9BD21EAFCEA00D2C3A5 /* Assets.xcassets */,
				B845D9BF21EAFCEA00D2C3A5 /* LaunchScreen.storyboard */,
				B845D9C221EAFCEA00D2C3A5 /* Info.plist */,
			);
			path = ProductHunt;
			sourceTree = "<group>";
		};
		B845D9CA21EAFCEA00D2C3A5 /* ProductHuntTests */ = {
			isa = PBXGroup;
			children = (
				B845D9CB21EAFCEA00D2C3A5 /* ProductHuntTests.swift */,
				B845D9CD21EAFCEA00D2C3A5 /* Info.plist */,
			);
			path = ProductHuntTests;
			sourceTree = "<group>";
		};
		B8CF77CF21FBDFE300FE5445 /* Models */ = {
			isa = PBXGroup;
			children = (
			);
			path = Models;
			sourceTree = "<group>";
		};
		B8CF77D021FBDFED00FE5445 /* Views */ = {
			isa = PBXGroup;
			children = (
			);
			path = Views;
			sourceTree = "<group>";
		};
		B8CF77D121FBDFF400FE5445 /* Controllers */ = {
			isa = PBXGroup;
			children = (
				B8CF77D521FBE51300FE5445 /*  FeedViewController.swift */,
			);
			path = Controllers;
			sourceTree = "<group>";
		};
		B8CF77D221FBDFFC00FE5445 /* Services */ = {
			isa = PBXGroup;
			children = (
				B8CF77D321FBE08200FE5445 /* ProductServices.swift */,
			);
			path = Services;
			sourceTree = "<group>";
		};
		B8CF77D721FBE8BD00FE5445 /* Extensions */ = {
			isa = PBXGroup;
			children = (
				B89407AB21FBE9F20034ED81 /* UIView+Extension.swift */,
			);
			path = Extensions;
			sourceTree = "<group>";
		};
		B8CF77D821FBE8C400FE5445 /* Helpers */ = {
			isa = PBXGroup;
			children = (
			);
			path = Helpers;
			sourceTree = "<group>";
		};
/* End PBXGroup section */

/* Begin PBXNativeTarget section */
		B845D9B221EAFCE700D2C3A5 /* ProductHunt */ = {
			isa = PBXNativeTarget;
			buildConfigurationList = B845D9D021EAFCEA00D2C3A5 /* Build configuration list for PBXNativeTarget "ProductHunt" */;
			buildPhases = (
				B845D9AF21EAFCE700D2C3A5 /* Sources */,
				B845D9B021EAFCE700D2C3A5 /* Frameworks */,
				B845D9B121EAFCE700D2C3A5 /* Resources */,
			);
			buildRules = (
			);
			dependencies = (
			);
			name = ProductHunt;
			productName = ProductHunt;
			productReference = B845D9B321EAFCE700D2C3A5 /* ProductHunt.app */;
			productType = "com.apple.product-type.application";
		};
		B845D9C621EAFCEA00D2C3A5 /* ProductHuntTests */ = {
			isa = PBXNativeTarget;
			buildConfigurationList = B845D9D321EAFCEA00D2C3A5 /* Build configuration list for PBXNativeTarget "ProductHuntTests" */;
			buildPhases = (
				B845D9C321EAFCEA00D2C3A5 /* Sources */,
				B845D9C421EAFCEA00D2C3A5 /* Frameworks */,
				B845D9C521EAFCEA00D2C3A5 /* Resources */,
			);
			buildRules = (
			);
			dependencies = (
				B845D9C921EAFCEA00D2C3A5 /* PBXTargetDependency */,
			);
			name = ProductHuntTests;
			productName = ProductHuntTests;
			productReference = B845D9C721EAFCEA00D2C3A5 /* ProductHuntTests.xctest */;
			productType = "com.apple.product-type.bundle.unit-test";
		};
/* End PBXNativeTarget section */

/* Begin PBXProject section */
		B845D9AB21EAFCE700D2C3A5 /* Project object */ = {
			isa = PBXProject;
			attributes = {
				LastSwiftUpdateCheck = 1010;
				LastUpgradeCheck = 1010;
				ORGANIZATIONNAME = "Medi Assumani";
				TargetAttributes = {
					B845D9B221EAFCE700D2C3A5 = {
						CreatedOnToolsVersion = 10.1;
					};
					B845D9C621EAFCEA00D2C3A5 = {
						CreatedOnToolsVersion = 10.1;
						TestTargetID = B845D9B221EAFCE700D2C3A5;
					};
				};
			};
			buildConfigurationList = B845D9AE21EAFCE700D2C3A5 /* Build configuration list for PBXProject "ProductHunt" */;
			compatibilityVersion = "Xcode 9.3";
			developmentRegion = en;
			hasScannedForEncodings = 0;
			knownRegions = (
				en,
				Base,
			);
			mainGroup = B845D9AA21EAFCE700D2C3A5;
			productRefGroup = B845D9B421EAFCE700D2C3A5 /* Products */;
			projectDirPath = "";
			projectRoot = "";
			targets = (
				B845D9B221EAFCE700D2C3A5 /* ProductHunt */,
				B845D9C621EAFCEA00D2C3A5 /* ProductHuntTests */,
			);
		};
/* End PBXProject section */

/* Begin PBXResourcesBuildPhase section */
		B845D9B121EAFCE700D2C3A5 /* Resources */ = {
			isa = PBXResourcesBuildPhase;
			buildActionMask = 2147483647;
			files = (
				B845D9C121EAFCEA00D2C3A5 /* LaunchScreen.storyboard in Resources */,
				B845D9BE21EAFCEA00D2C3A5 /* Assets.xcassets in Resources */,
			);
			runOnlyForDeploymentPostprocessing = 0;
		};
		B845D9C521EAFCEA00D2C3A5 /* Resources */ = {
			isa = PBXResourcesBuildPhase;
			buildActionMask = 2147483647;
			files = (
			);
			runOnlyForDeploymentPostprocessing = 0;
		};
/* End PBXResourcesBuildPhase section */

/* Begin PBXSourcesBuildPhase section */
		B845D9AF21EAFCE700D2C3A5 /* Sources */ = {
			isa = PBXSourcesBuildPhase;
			buildActionMask = 2147483647;
			files = (
				B845D9B721EAFCE700D2C3A5 /* AppDelegate.swift in Sources */,
				B8CF77D621FBE51300FE5445 /*  FeedViewController.swift in Sources */,
				B89407AC21FBE9F20034ED81 /* UIView+Extension.swift in Sources */,
				B8CF77D421FBE08200FE5445 /* ProductServices.swift in Sources */,
			);
			runOnlyForDeploymentPostprocessing = 0;
		};
		B845D9C321EAFCEA00D2C3A5 /* Sources */ = {
			isa = PBXSourcesBuildPhase;
			buildActionMask = 2147483647;
			files = (
				B845D9CC21EAFCEA00D2C3A5 /* ProductHuntTests.swift in Sources */,
			);
			runOnlyForDeploymentPostprocessing = 0;
		};
/* End PBXSourcesBuildPhase section */

/* Begin PBXTargetDependency section */
		B845D9C921EAFCEA00D2C3A5 /* PBXTargetDependency */ = {
			isa = PBXTargetDependency;
			target = B845D9B221EAFCE700D2C3A5 /* ProductHunt */;
			targetProxy = B845D9C821EAFCEA00D2C3A5 /* PBXContainerItemProxy */;
		};
/* End PBXTargetDependency section */

/* Begin PBXVariantGroup section */
		B845D9BF21EAFCEA00D2C3A5 /* LaunchScreen.storyboard */ = {
			isa = PBXVariantGroup;
			children = (
				B845D9C021EAFCEA00D2C3A5 /* Base */,
			);
			name = LaunchScreen.storyboard;
			sourceTree = "<group>";
		};
/* End PBXVariantGroup section */

/* Begin XCBuildConfiguration section */
		B845D9CE21EAFCEA00D2C3A5 /* Debug */ = {
			isa = XCBuildConfiguration;
			buildSettings = {
				ALWAYS_SEARCH_USER_PATHS = NO;
				CLANG_ANALYZER_NONNULL = YES;
				CLANG_ANALYZER_NUMBER_OBJECT_CONVERSION = YES_AGGRESSIVE;
				CLANG_CXX_LANGUAGE_STANDARD = "gnu++14";
				CLANG_CXX_LIBRARY = "libc++";
				CLANG_ENABLE_MODULES = YES;
				CLANG_ENABLE_OBJC_ARC = YES;
				CLANG_ENABLE_OBJC_WEAK = YES;
				CLANG_WARN_BLOCK_CAPTURE_AUTORELEASING = YES;
				CLANG_WARN_BOOL_CONVERSION = YES;
				CLANG_WARN_COMMA = YES;
				CLANG_WARN_CONSTANT_CONVERSION = YES;
				CLANG_WARN_DEPRECATED_OBJC_IMPLEMENTATIONS = YES;
				CLANG_WARN_DIRECT_OBJC_ISA_USAGE = YES_ERROR;
				CLANG_WARN_DOCUMENTATION_COMMENTS = YES;
				CLANG_WARN_EMPTY_BODY = YES;
				CLANG_WARN_ENUM_CONVERSION = YES;
				CLANG_WARN_INFINITE_RECURSION = YES;
				CLANG_WARN_INT_CONVERSION = YES;
				CLANG_WARN_NON_LITERAL_NULL_CONVERSION = YES;
				CLANG_WARN_OBJC_IMPLICIT_RETAIN_SELF = YES;
				CLANG_WARN_OBJC_LITERAL_CONVERSION = YES;
				CLANG_WARN_OBJC_ROOT_CLASS = YES_ERROR;
				CLANG_WARN_RANGE_LOOP_ANALYSIS = YES;
				CLANG_WARN_STRICT_PROTOTYPES = YES;
				CLANG_WARN_SUSPICIOUS_MOVE = YES;
				CLANG_WARN_UNGUARDED_AVAILABILITY = YES_AGGRESSIVE;
				CLANG_WARN_UNREACHABLE_CODE = YES;
				CLANG_WARN__DUPLICATE_METHOD_MATCH = YES;
				CODE_SIGN_IDENTITY = "iPhone Developer";
				COPY_PHASE_STRIP = NO;
				DEBUG_INFORMATION_FORMAT = dwarf;
				ENABLE_STRICT_OBJC_MSGSEND = YES;
				ENABLE_TESTABILITY = YES;
				GCC_C_LANGUAGE_STANDARD = gnu11;
				GCC_DYNAMIC_NO_PIC = NO;
				GCC_NO_COMMON_BLOCKS = YES;
				GCC_OPTIMIZATION_LEVEL = 0;
				GCC_PREPROCESSOR_DEFINITIONS = (
					"DEBUG=1",
					"$(inherited)",
				);
				GCC_WARN_64_TO_32_BIT_CONVERSION = YES;
				GCC_WARN_ABOUT_RETURN_TYPE = YES_ERROR;
				GCC_WARN_UNDECLARED_SELECTOR = YES;
				GCC_WARN_UNINITIALIZED_AUTOS = YES_AGGRESSIVE;
				GCC_WARN_UNUSED_FUNCTION = YES;
				GCC_WARN_UNUSED_VARIABLE = YES;
				IPHONEOS_DEPLOYMENT_TARGET = 12.1;
				MTL_ENABLE_DEBUG_INFO = INCLUDE_SOURCE;
				MTL_FAST_MATH = YES;
				ONLY_ACTIVE_ARCH = YES;
				SDKROOT = iphoneos;
				SWIFT_ACTIVE_COMPILATION_CONDITIONS = DEBUG;
				SWIFT_OPTIMIZATION_LEVEL = "-Onone";
			};
			name = Debug;
		};
		B845D9CF21EAFCEA00D2C3A5 /* Release */ = {
			isa = XCBuildConfiguration;
			buildSettings = {
				ALWAYS_SEARCH_USER_PATHS = NO;
				CLANG_ANALYZER_NONNULL = YES;
				CLANG_ANALYZER_NUMBER_OBJECT_CONVERSION = YES_AGGRESSIVE;
				CLANG_CXX_LANGUAGE_STANDARD = "gnu++14";
				CLANG_CXX_LIBRARY = "libc++";
				CLANG_ENABLE_MODULES = YES;
				CLANG_ENABLE_OBJC_ARC = YES;
				CLANG_ENABLE_OBJC_WEAK = YES;
				CLANG_WARN_BLOCK_CAPTURE_AUTORELEASING = YES;
				CLANG_WARN_BOOL_CONVERSION = YES;
				CLANG_WARN_COMMA = YES;
				CLANG_WARN_CONSTANT_CONVERSION = YES;
				CLANG_WARN_DEPRECATED_OBJC_IMPLEMENTATIONS = YES;
				CLANG_WARN_DIRECT_OBJC_ISA_USAGE = YES_ERROR;
				CLANG_WARN_DOCUMENTATION_COMMENTS = YES;
				CLANG_WARN_EMPTY_BODY = YES;
				CLANG_WARN_ENUM_CONVERSION = YES;
				CLANG_WARN_INFINITE_RECURSION = YES;
				CLANG_WARN_INT_CONVERSION = YES;
				CLANG_WARN_NON_LITERAL_NULL_CONVERSION = YES;
				CLANG_WARN_OBJC_IMPLICIT_RETAIN_SELF = YES;
				CLANG_WARN_OBJC_LITERAL_CONVERSION = YES;
				CLANG_WARN_OBJC_ROOT_CLASS = YES_ERROR;
				CLANG_WARN_RANGE_LOOP_ANALYSIS = YES;
				CLANG_WARN_STRICT_PROTOTYPES = YES;
				CLANG_WARN_SUSPICIOUS_MOVE = YES;
				CLANG_WARN_UNGUARDED_AVAILABILITY = YES_AGGRESSIVE;
				CLANG_WARN_UNREACHABLE_CODE = YES;
				CLANG_WARN__DUPLICATE_METHOD_MATCH = YES;
				CODE_SIGN_IDENTITY = "iPhone Developer";
				COPY_PHASE_STRIP = NO;
				DEBUG_INFORMATION_FORMAT = "dwarf-with-dsym";
				ENABLE_NS_ASSERTIONS = NO;
				ENABLE_STRICT_OBJC_MSGSEND = YES;
				GCC_C_LANGUAGE_STANDARD = gnu11;
				GCC_NO_COMMON_BLOCKS = YES;
				GCC_WARN_64_TO_32_BIT_CONVERSION = YES;
				GCC_WARN_ABOUT_RETURN_TYPE = YES_ERROR;
				GCC_WARN_UNDECLARED_SELECTOR = YES;
				GCC_WARN_UNINITIALIZED_AUTOS = YES_AGGRESSIVE;
				GCC_WARN_UNUSED_FUNCTION = YES;
				GCC_WARN_UNUSED_VARIABLE = YES;
				IPHONEOS_DEPLOYMENT_TARGET = 12.1;
				MTL_ENABLE_DEBUG_INFO = NO;
				MTL_FAST_MATH = YES;
				SDKROOT = iphoneos;
				SWIFT_COMPILATION_MODE = wholemodule;
				SWIFT_OPTIMIZATION_LEVEL = "-O";
				VALIDATE_PRODUCT = YES;
			};
			name = Release;
		};
		B845D9D121EAFCEA00D2C3A5 /* Debug */ = {
			isa = XCBuildConfiguration;
			buildSettings = {
				ASSETCATALOG_COMPILER_APPICON_NAME = AppIcon;
				CODE_SIGN_STYLE = Automatic;
				DEVELOPMENT_TEAM = 966X5T4Q98;
				INFOPLIST_FILE = ProductHunt/Info.plist;
				LD_RUNPATH_SEARCH_PATHS = (
					"$(inherited)",
					"@executable_path/Frameworks",
				);
				PRODUCT_BUNDLE_IDENTIFIER = mediassumani.ProductHunt;
				PRODUCT_NAME = "$(TARGET_NAME)";
				SWIFT_VERSION = 4.2;
				TARGETED_DEVICE_FAMILY = "1,2";
			};
			name = Debug;
		};
		B845D9D221EAFCEA00D2C3A5 /* Release */ = {
			isa = XCBuildConfiguration;
			buildSettings = {
				ASSETCATALOG_COMPILER_APPICON_NAME = AppIcon;
				CODE_SIGN_STYLE = Automatic;
				DEVELOPMENT_TEAM = 966X5T4Q98;
				INFOPLIST_FILE = ProductHunt/Info.plist;
				LD_RUNPATH_SEARCH_PATHS = (
					"$(inherited)",
					"@executable_path/Frameworks",
				);
				PRODUCT_BUNDLE_IDENTIFIER = mediassumani.ProductHunt;
				PRODUCT_NAME = "$(TARGET_NAME)";
				SWIFT_VERSION = 4.2;
				TARGETED_DEVICE_FAMILY = "1,2";
			};
			name = Release;
		};
		B845D9D421EAFCEA00D2C3A5 /* Debug */ = {
			isa = XCBuildConfiguration;
			buildSettings = {
				ALWAYS_EMBED_SWIFT_STANDARD_LIBRARIES = YES;
				BUNDLE_LOADER = "$(TEST_HOST)";
				CODE_SIGN_STYLE = Automatic;
				DEVELOPMENT_TEAM = 966X5T4Q98;
				INFOPLIST_FILE = ProductHuntTests/Info.plist;
				LD_RUNPATH_SEARCH_PATHS = (
					"$(inherited)",
					"@executable_path/Frameworks",
					"@loader_path/Frameworks",
				);
				PRODUCT_BUNDLE_IDENTIFIER = mediassumani.ProductHuntTests;
				PRODUCT_NAME = "$(TARGET_NAME)";
				SWIFT_VERSION = 4.2;
				TARGETED_DEVICE_FAMILY = "1,2";
				TEST_HOST = "$(BUILT_PRODUCTS_DIR)/ProductHunt.app/ProductHunt";
			};
			name = Debug;
		};
		B845D9D521EAFCEA00D2C3A5 /* Release */ = {
			isa = XCBuildConfiguration;
			buildSettings = {
				ALWAYS_EMBED_SWIFT_STANDARD_LIBRARIES = YES;
				BUNDLE_LOADER = "$(TEST_HOST)";
				CODE_SIGN_STYLE = Automatic;
				DEVELOPMENT_TEAM = 966X5T4Q98;
				INFOPLIST_FILE = ProductHuntTests/Info.plist;
				LD_RUNPATH_SEARCH_PATHS = (
					"$(inherited)",
					"@executable_path/Frameworks",
					"@loader_path/Frameworks",
				);
				PRODUCT_BUNDLE_IDENTIFIER = mediassumani.ProductHuntTests;
				PRODUCT_NAME = "$(TARGET_NAME)";
				SWIFT_VERSION = 4.2;
				TARGETED_DEVICE_FAMILY = "1,2";
				TEST_HOST = "$(BUILT_PRODUCTS_DIR)/ProductHunt.app/ProductHunt";
			};
			name = Release;
		};
/* End XCBuildConfiguration section */

/* Begin XCConfigurationList section */
		B845D9AE21EAFCE700D2C3A5 /* Build configuration list for PBXProject "ProductHunt" */ = {
			isa = XCConfigurationList;
			buildConfigurations = (
				B845D9CE21EAFCEA00D2C3A5 /* Debug */,
				B845D9CF21EAFCEA00D2C3A5 /* Release */,
			);
			defaultConfigurationIsVisible = 0;
			defaultConfigurationName = Release;
		};
		B845D9D021EAFCEA00D2C3A5 /* Build configuration list for PBXNativeTarget "ProductHunt" */ = {
			isa = XCConfigurationList;
			buildConfigurations = (
				B845D9D121EAFCEA00D2C3A5 /* Debug */,
				B845D9D221EAFCEA00D2C3A5 /* Release */,
			);
			defaultConfigurationIsVisible = 0;
			defaultConfigurationName = Release;
		};
		B845D9D321EAFCEA00D2C3A5 /* Build configuration list for PBXNativeTarget "ProductHuntTests" */ = {
			isa = XCConfigurationList;
			buildConfigurations = (
				B845D9D421EAFCEA00D2C3A5 /* Debug */,
				B845D9D521EAFCEA00D2C3A5 /* Release */,
			);
			defaultConfigurationIsVisible = 0;
			defaultConfigurationName = Release;
		};
/* End XCConfigurationList section */
	};
	rootObject = B845D9AB21EAFCE700D2C3A5 /* Project object */;
}
